
Microsoft Visual Studio Solution File, Format Version 12.00
# Visual Studio Version 17
VisualStudioVersion = 17.4.33103.184
MinimumVisualStudioVersion = 10.0.40219.1
Project("{FAE04EC0-301F-11D3-BF4B-00C04F79EFBC}") = "WinFormsApp1", "WinFormsApp1\WinFormsApp1.csproj", "{11B652A3-A54F-4FC4-BA9A-255E03A80895}"
EndProject
Global
	GlobalSection(SolutionConfigurationPlatforms) = preSolution
		Debug|Any CPU = Debug|Any CPU
		Release|Any CPU = Release|Any CPU
	EndGlobalSection
	GlobalSection(ProjectConfigurationPlatforms) = postSolution
		{11B652A3-A54F-4FC4-BA9A-255E03A80895}.Debug|Any CPU.ActiveCfg = Debug|Any CPU
		{11B652A3-A54F-4FC4-BA9A-255E03A80895}.Debug|Any CPU.Build.0 = Debug|Any CPU
		{11B652A3-A54F-4FC4-BA9A-255E03A80895}.Release|Any CPU.ActiveCfg = Release|Any CPU
		{11B652A3-A54F-4FC4-BA9A-255E03A80895}.Release|Any CPU.Build.0 = Release|Any CPU
	EndGlobalSection
	GlobalSection(SolutionProperties) = preSolution
		HideSolutionNode = FALSE
	EndGlobalSection
	GlobalSection(ExtensibilityGlobals) = postSolution
		SolutionGuid = {2DE8B23A-3C41-4C65-9BD8-DDB745EDEB58}
	EndGlobalSection
EndGlobal
